
Microsoft Visual Studio Solution File, Format Version 12.00
# Visual Studio 15
VisualStudioVersion = 15.0.28307.572
MinimumVisualStudioVersion = 10.0.40219.1
Project("{159641D6-6404-4A2A-AE62-294DE0FE8301}") = "SSIS CIO", "SSIS CIO\SSIS CIO.dtproj", "{DF1ECF52-7BE1-4217-A6A7-F426CB163040}"
EndProject
Global
	GlobalSection(SolutionConfigurationPlatforms) = preSolution
		Development|Default = Development|Default
	EndGlobalSection
	GlobalSection(ProjectConfigurationPlatforms) = postSolution
		{DF1ECF52-7BE1-4217-A6A7-F426CB163040}.Development|Default.ActiveCfg = Development
		{DF1ECF52-7BE1-4217-A6A7-F426CB163040}.Development|Default.Build.0 = Development
	EndGlobalSection
	GlobalSection(SolutionProperties) = preSolution
		HideSolutionNode = FALSE
	EndGlobalSection
	GlobalSection(ExtensibilityGlobals) = postSolution
		SolutionGuid = {882026D9-7A0F-4E58-B3DD-A7646E1379AC}
	EndGlobalSection
EndGlobal
